// !$*UTF8*$!
{
	archiveVersion = 1;
	classes = {
	};
	objectVersion = 46;
	objects = {

/* Begin PBXBuildFile section */
		4A50443C1BE28E1800A6F2E2 /* BaseFramework.h in Headers */ = {isa = PBXBuildFile; fileRef = 4A50443B1BE28E1800A6F2E2 /* BaseFramework.h */; settings = {ATTRIBUTES = (Public, ); }; };
		4A5044431BE28E1800A6F2E2 /* BaseFramework.framework in Frameworks */ = {isa = PBXBuildFile; fileRef = 4A5044381BE28E1800A6F2E2 /* BaseFramework.framework */; };
		4A5044481BE28E1800A6F2E2 /* BaseFrameworkTests.swift in Sources */ = {isa = PBXBuildFile; fileRef = 4A5044471BE28E1800A6F2E2 /* BaseFrameworkTests.swift */; };
		4A5044531BE28E4200A6F2E2 /* BaseObject.swift in Sources */ = {isa = PBXBuildFile; fileRef = 4A5044521BE28E4200A6F2E2 /* BaseObject.swift */; };
		4A5044551BE28E6C00A6F2E2 /* BaseObjectService.swift in Sources */ = {isa = PBXBuildFile; fileRef = 4A5044541BE28E6C00A6F2E2 /* BaseObjectService.swift */; };
		4A5044571BE28F3600A6F2E2 /* Test.swift in Sources */ = {isa = PBXBuildFile; fileRef = 4A5044561BE28F3600A6F2E2 /* Test.swift */; };
		4A5AF4CA1BE8D16A00553E79 /* Bind.swift in Sources */ = {isa = PBXBuildFile; fileRef = 4A5AF4C91BE8D16900553E79 /* Bind.swift */; };
		4A8D83AE1BE3B81500ADC12D /* fts3_tokenizer.h in Headers */ = {isa = PBXBuildFile; fileRef = 4A8D83AD1BE3B81500ADC12D /* fts3_tokenizer.h */; };
		4A8D83B11BE3B82000ADC12D /* SQLite-Bridging.h in Headers */ = {isa = PBXBuildFile; fileRef = 4A8D83AF1BE3B82000ADC12D /* SQLite-Bridging.h */; settings = {ATTRIBUTES = (Public, ); }; };
		4A8D83B21BE3B82000ADC12D /* SQLite-Bridging.m in Sources */ = {isa = PBXBuildFile; fileRef = 4A8D83B01BE3B82000ADC12D /* SQLite-Bridging.m */; };
		4A8D83B41BE3B82E00ADC12D /* sqlite3.h in Headers */ = {isa = PBXBuildFile; fileRef = 4A8D83B31BE3B82E00ADC12D /* sqlite3.h */; settings = {ATTRIBUTES = (Public, ); }; };
		4A8D83D61BE3ED0700ADC12D /* Connection.swift in Sources */ = {isa = PBXBuildFile; fileRef = 4A8D83D21BE3ED0700ADC12D /* Connection.swift */; };
		4A8D83D71BE3ED0700ADC12D /* Statement.swift in Sources */ = {isa = PBXBuildFile; fileRef = 4A8D83D31BE3ED0700ADC12D /* Statement.swift */; };
		4A8D83DA1BE3ED5F00ADC12D /* Helpers.swift in Sources */ = {isa = PBXBuildFile; fileRef = 4A8D83D91BE3ED5F00ADC12D /* Helpers.swift */; };
/* End PBXBuildFile section */

/* Begin PBXContainerItemProxy section */
		4A5044441BE28E1800A6F2E2 /* PBXContainerItemProxy */ = {
			isa = PBXContainerItemProxy;
			containerPortal = 4A50442F1BE28E1800A6F2E2 /* Project object */;
			proxyType = 1;
			remoteGlobalIDString = 4A5044371BE28E1800A6F2E2;
			remoteInfo = BaseFramework;
		};
/* End PBXContainerItemProxy section */

/* Begin PBXFileReference section */
		4A5044381BE28E1800A6F2E2 /* BaseFramework.framework */ = {isa = PBXFileReference; explicitFileType = wrapper.framework; includeInIndex = 0; path = BaseFramework.framework; sourceTree = BUILT_PRODUCTS_DIR; };
		4A50443B1BE28E1800A6F2E2 /* BaseFramework.h */ = {isa = PBXFileReference; lastKnownFileType = sourcecode.c.h; path = BaseFramework.h; sourceTree = "<group>"; };
		4A50443D1BE28E1800A6F2E2 /* Info.plist */ = {isa = PBXFileReference; lastKnownFileType = text.plist.xml; path = Info.plist; sourceTree = "<group>"; };
		4A5044421BE28E1800A6F2E2 /* BaseFrameworkTests.xctest */ = {isa = PBXFileReference; explicitFileType = wrapper.cfbundle; includeInIndex = 0; path = BaseFrameworkTests.xctest; sourceTree = BUILT_PRODUCTS_DIR; };
		4A5044471BE28E1800A6F2E2 /* BaseFrameworkTests.swift */ = {isa = PBXFileReference; lastKnownFileType = sourcecode.swift; path = BaseFrameworkTests.swift; sourceTree = "<group>"; };
		4A5044491BE28E1800A6F2E2 /* Info.plist */ = {isa = PBXFileReference; lastKnownFileType = text.plist.xml; path = Info.plist; sourceTree = "<group>"; };
		4A5044521BE28E4200A6F2E2 /* BaseObject.swift */ = {isa = PBXFileReference; fileEncoding = 4; lastKnownFileType = sourcecode.swift; path = BaseObject.swift; sourceTree = "<group>"; };
		4A5044541BE28E6C00A6F2E2 /* BaseObjectService.swift */ = {isa = PBXFileReference; fileEncoding = 4; lastKnownFileType = sourcecode.swift; path = BaseObjectService.swift; sourceTree = "<group>"; };
		4A5044561BE28F3600A6F2E2 /* Test.swift */ = {isa = PBXFileReference; fileEncoding = 4; lastKnownFileType = sourcecode.swift; path = Test.swift; sourceTree = "<group>"; };
		4A5AF4C91BE8D16900553E79 /* Bind.swift */ = {isa = PBXFileReference; fileEncoding = 4; lastKnownFileType = sourcecode.swift; name = Bind.swift; path = Base/Bind.swift; sourceTree = "<group>"; };
		4A8D83AD1BE3B81500ADC12D /* fts3_tokenizer.h */ = {isa = PBXFileReference; fileEncoding = 4; lastKnownFileType = sourcecode.c.h; name = fts3_tokenizer.h; path = ../fts3_tokenizer.h; sourceTree = "<group>"; };
		4A8D83AF1BE3B82000ADC12D /* SQLite-Bridging.h */ = {isa = PBXFileReference; fileEncoding = 4; lastKnownFileType = sourcecode.c.h; name = "SQLite-Bridging.h"; path = "../SQLite-Bridging.h"; sourceTree = "<group>"; };
		4A8D83B01BE3B82000ADC12D /* SQLite-Bridging.m */ = {isa = PBXFileReference; fileEncoding = 4; lastKnownFileType = sourcecode.c.objc; name = "SQLite-Bridging.m"; path = "../SQLite-Bridging.m"; sourceTree = "<group>"; };
		4A8D83B31BE3B82E00ADC12D /* sqlite3.h */ = {isa = PBXFileReference; fileEncoding = 4; lastKnownFileType = sourcecode.c.h; name = sqlite3.h; path = ../sqlite3.h; sourceTree = "<group>"; };
		4A8D83C21BE3D4BB00ADC12D /* Sqlite.xcconfig */ = {isa = PBXFileReference; fileEncoding = 4; lastKnownFileType = text.xcconfig; path = Sqlite.xcconfig; sourceTree = "<group>"; };
		4A8D83C51BE3D4DD00ADC12D /* Base.xcconfig */ = {isa = PBXFileReference; lastKnownFileType = text.xcconfig; path = Base.xcconfig; sourceTree = "<group>"; };
		4A8D83C61BE3D5BF00ADC12D /* Test.xcconfig */ = {isa = PBXFileReference; fileEncoding = 4; lastKnownFileType = text.xcconfig; path = Test.xcconfig; sourceTree = "<group>"; };
		4A8D83D21BE3ED0700ADC12D /* Connection.swift */ = {isa = PBXFileReference; fileEncoding = 4; lastKnownFileType = sourcecode.swift; name = Connection.swift; path = Base/Connection.swift; sourceTree = "<group>"; };
		4A8D83D31BE3ED0700ADC12D /* Statement.swift */ = {isa = PBXFileReference; fileEncoding = 4; lastKnownFileType = sourcecode.swift; name = Statement.swift; path = Base/Statement.swift; sourceTree = "<group>"; };
		4A8D83D91BE3ED5F00ADC12D /* Helpers.swift */ = {isa = PBXFileReference; fileEncoding = 4; lastKnownFileType = sourcecode.swift; path = Helpers.swift; sourceTree = "<group>"; };
/* End PBXFileReference section */

/* Begin PBXFrameworksBuildPhase section */
		4A5044341BE28E1800A6F2E2 /* Frameworks */ = {
			isa = PBXFrameworksBuildPhase;
			buildActionMask = 2147483647;
			files = (
			);
			runOnlyForDeploymentPostprocessing = 0;
		};
		4A50443F1BE28E1800A6F2E2 /* Frameworks */ = {
			isa = PBXFrameworksBuildPhase;
			buildActionMask = 2147483647;
			files = (
				4A5044431BE28E1800A6F2E2 /* BaseFramework.framework in Frameworks */,
			);
			runOnlyForDeploymentPostprocessing = 0;
		};
/* End PBXFrameworksBuildPhase section */

/* Begin PBXGroup section */
		4A50442E1BE28E1800A6F2E2 = {
			isa = PBXGroup;
			children = (
				4A50443A1BE28E1800A6F2E2 /* BaseFramework */,
				4A5044461BE28E1800A6F2E2 /* BaseFrameworkTests */,
				4A5044391BE28E1800A6F2E2 /* Products */,
			);
			sourceTree = "<group>";
		};
		4A5044391BE28E1800A6F2E2 /* Products */ = {
			isa = PBXGroup;
			children = (
				4A5044381BE28E1800A6F2E2 /* BaseFramework.framework */,
				4A5044421BE28E1800A6F2E2 /* BaseFrameworkTests.xctest */,
			);
			name = Products;
			sourceTree = "<group>";
		};
		4A50443A1BE28E1800A6F2E2 /* BaseFramework */ = {
			isa = PBXGroup;
			children = (
				4A5044521BE28E4200A6F2E2 /* BaseObject.swift */,
				4A5044541BE28E6C00A6F2E2 /* BaseObjectService.swift */,
				4A8D83D91BE3ED5F00ADC12D /* Helpers.swift */,
				4A8D83CE1BE3ECB900ADC12D /* Data */,
				4A8D83BB1BE3BA0800ADC12D /* Supporting Files */,
			);
			path = BaseFramework;
			sourceTree = "<group>";
		};
		4A5044461BE28E1800A6F2E2 /* BaseFrameworkTests */ = {
			isa = PBXGroup;
			children = (
				4A5044561BE28F3600A6F2E2 /* Test.swift */,
				4A5044471BE28E1800A6F2E2 /* BaseFrameworkTests.swift */,
				4A5044491BE28E1800A6F2E2 /* Info.plist */,
			);
			path = BaseFrameworkTests;
			sourceTree = "<group>";
		};
		4A8D83BB1BE3BA0800ADC12D /* Supporting Files */ = {
			isa = PBXGroup;
			children = (
				4A50443D1BE28E1800A6F2E2 /* Info.plist */,
				4A8D83C91BE3D62B00ADC12D /* Settings */,
				4A8D83C81BE3D61A00ADC12D /* Header */,
			);
			path = "Supporting Files";
			sourceTree = "<group>";
		};
		4A8D83C81BE3D61A00ADC12D /* Header */ = {
			isa = PBXGroup;
			children = (
				4A50443B1BE28E1800A6F2E2 /* BaseFramework.h */,
				4A8D83B31BE3B82E00ADC12D /* sqlite3.h */,
				4A8D83AD1BE3B81500ADC12D /* fts3_tokenizer.h */,
				4A8D83AF1BE3B82000ADC12D /* SQLite-Bridging.h */,
				4A8D83B01BE3B82000ADC12D /* SQLite-Bridging.m */,
			);
			name = Header;
			sourceTree = "<group>";
		};
		4A8D83C91BE3D62B00ADC12D /* Settings */ = {
			isa = PBXGroup;
			children = (
				4A8D83C51BE3D4DD00ADC12D /* Base.xcconfig */,
				4A8D83C61BE3D5BF00ADC12D /* Test.xcconfig */,
				4A8D83C21BE3D4BB00ADC12D /* Sqlite.xcconfig */,
			);
			name = Settings;
			sourceTree = "<group>";
		};
		4A8D83CE1BE3ECB900ADC12D /* Data */ = {
			isa = PBXGroup;
			children = (
				4A8D83D21BE3ED0700ADC12D /* Connection.swift */,
				4A8D83D31BE3ED0700ADC12D /* Statement.swift */,
				4A5AF4C91BE8D16900553E79 /* Bind.swift */,
			);
			name = Data;
			sourceTree = "<group>";
		};
/* End PBXGroup section */

/* Begin PBXHeadersBuildPhase section */
		4A5044351BE28E1800A6F2E2 /* Headers */ = {
			isa = PBXHeadersBuildPhase;
			buildActionMask = 2147483647;
			files = (
				4A50443C1BE28E1800A6F2E2 /* BaseFramework.h in Headers */,
				4A8D83B11BE3B82000ADC12D /* SQLite-Bridging.h in Headers */,
				4A8D83AE1BE3B81500ADC12D /* fts3_tokenizer.h in Headers */,
				4A8D83B41BE3B82E00ADC12D /* sqlite3.h in Headers */,
			);
			runOnlyForDeploymentPostprocessing = 0;
		};
/* End PBXHeadersBuildPhase section */

/* Begin PBXNativeTarget section */
		4A5044371BE28E1800A6F2E2 /* BaseFramework */ = {
			isa = PBXNativeTarget;
			buildConfigurationList = 4A50444C1BE28E1800A6F2E2 /* Build configuration list for PBXNativeTarget "BaseFramework" */;
			buildPhases = (
				4A5044331BE28E1800A6F2E2 /* Sources */,
				4A5044341BE28E1800A6F2E2 /* Frameworks */,
				4A5044351BE28E1800A6F2E2 /* Headers */,
				4A5044361BE28E1800A6F2E2 /* Resources */,
			);
			buildRules = (
			);
			dependencies = (
			);
			name = BaseFramework;
			productName = BaseFramework;
			productReference = 4A5044381BE28E1800A6F2E2 /* BaseFramework.framework */;
			productType = "com.apple.product-type.framework";
		};
		4A5044411BE28E1800A6F2E2 /* BaseFrameworkTests */ = {
			isa = PBXNativeTarget;
			buildConfigurationList = 4A50444F1BE28E1800A6F2E2 /* Build configuration list for PBXNativeTarget "BaseFrameworkTests" */;
			buildPhases = (
				4A50443E1BE28E1800A6F2E2 /* Sources */,
				4A50443F1BE28E1800A6F2E2 /* Frameworks */,
				4A5044401BE28E1800A6F2E2 /* Resources */,
			);
			buildRules = (
			);
			dependencies = (
				4A5044451BE28E1800A6F2E2 /* PBXTargetDependency */,
			);
			name = BaseFrameworkTests;
			productName = BaseFrameworkTests;
			productReference = 4A5044421BE28E1800A6F2E2 /* BaseFrameworkTests.xctest */;
			productType = "com.apple.product-type.bundle.unit-test";
		};
/* End PBXNativeTarget section */

/* Begin PBXProject section */
		4A50442F1BE28E1800A6F2E2 /* Project object */ = {
			isa = PBXProject;
			attributes = {
				LastSwiftUpdateCheck = 0710;
				LastUpgradeCheck = 0710;
				ORGANIZATIONNAME = "Bruno Fernandes";
				TargetAttributes = {
					4A5044371BE28E1800A6F2E2 = {
						CreatedOnToolsVersion = 7.1;
					};
					4A5044411BE28E1800A6F2E2 = {
						CreatedOnToolsVersion = 7.1;
					};
				};
			};
			buildConfigurationList = 4A5044321BE28E1800A6F2E2 /* Build configuration list for PBXProject "BaseFramework" */;
			compatibilityVersion = "Xcode 3.2";
			developmentRegion = English;
			hasScannedForEncodings = 0;
			knownRegions = (
				en,
			);
			mainGroup = 4A50442E1BE28E1800A6F2E2;
			productRefGroup = 4A5044391BE28E1800A6F2E2 /* Products */;
			projectDirPath = "";
			projectRoot = "";
			targets = (
				4A5044371BE28E1800A6F2E2 /* BaseFramework */,
				4A5044411BE28E1800A6F2E2 /* BaseFrameworkTests */,
			);
		};
/* End PBXProject section */

/* Begin PBXResourcesBuildPhase section */
		4A5044361BE28E1800A6F2E2 /* Resources */ = {
			isa = PBXResourcesBuildPhase;
			buildActionMask = 2147483647;
			files = (
			);
			runOnlyForDeploymentPostprocessing = 0;
		};
		4A5044401BE28E1800A6F2E2 /* Resources */ = {
			isa = PBXResourcesBuildPhase;
			buildActionMask = 2147483647;
			files = (
			);
			runOnlyForDeploymentPostprocessing = 0;
		};
/* End PBXResourcesBuildPhase section */

/* Begin PBXSourcesBuildPhase section */
		4A5044331BE28E1800A6F2E2 /* Sources */ = {
			isa = PBXSourcesBuildPhase;
			buildActionMask = 2147483647;
			files = (
				4A8D83D71BE3ED0700ADC12D /* Statement.swift in Sources */,
				4A5044531BE28E4200A6F2E2 /* BaseObject.swift in Sources */,
				4A5AF4CA1BE8D16A00553E79 /* Bind.swift in Sources */,
				4A8D83D61BE3ED0700ADC12D /* Connection.swift in Sources */,
				4A8D83DA1BE3ED5F00ADC12D /* Helpers.swift in Sources */,
				4A5044551BE28E6C00A6F2E2 /* BaseObjectService.swift in Sources */,
				4A8D83B21BE3B82000ADC12D /* SQLite-Bridging.m in Sources */,
			);
			runOnlyForDeploymentPostprocessing = 0;
		};
		4A50443E1BE28E1800A6F2E2 /* Sources */ = {
			isa = PBXSourcesBuildPhase;
			buildActionMask = 2147483647;
			files = (
				4A5044481BE28E1800A6F2E2 /* BaseFrameworkTests.swift in Sources */,
				4A5044571BE28F3600A6F2E2 /* Test.swift in Sources */,
			);
			runOnlyForDeploymentPostprocessing = 0;
		};
/* End PBXSourcesBuildPhase section */

/* Begin PBXTargetDependency section */
		4A5044451BE28E1800A6F2E2 /* PBXTargetDependency */ = {
			isa = PBXTargetDependency;
			target = 4A5044371BE28E1800A6F2E2 /* BaseFramework */;
			targetProxy = 4A5044441BE28E1800A6F2E2 /* PBXContainerItemProxy */;
		};
/* End PBXTargetDependency section */

/* Begin XCBuildConfiguration section */
		4A50444A1BE28E1800A6F2E2 /* Debug */ = {
			isa = XCBuildConfiguration;
			buildSettings = {
				ALWAYS_SEARCH_USER_PATHS = NO;
				CLANG_CXX_LANGUAGE_STANDARD = "gnu++0x";
				CLANG_CXX_LIBRARY = "libc++";
				CLANG_ENABLE_MODULES = YES;
				CLANG_ENABLE_OBJC_ARC = YES;
				CLANG_WARN_BOOL_CONVERSION = YES;
				CLANG_WARN_CONSTANT_CONVERSION = YES;
				CLANG_WARN_DIRECT_OBJC_ISA_USAGE = YES_ERROR;
				CLANG_WARN_EMPTY_BODY = YES;
				CLANG_WARN_ENUM_CONVERSION = YES;
				CLANG_WARN_INT_CONVERSION = YES;
				CLANG_WARN_OBJC_ROOT_CLASS = YES_ERROR;
				CLANG_WARN_UNREACHABLE_CODE = YES;
				CLANG_WARN__DUPLICATE_METHOD_MATCH = YES;
				"CODE_SIGN_IDENTITY[sdk=iphoneos*]" = "iPhone Developer";
				COPY_PHASE_STRIP = NO;
				CURRENT_PROJECT_VERSION = 1;
				DEBUG_INFORMATION_FORMAT = dwarf;
				ENABLE_STRICT_OBJC_MSGSEND = YES;
				ENABLE_TESTABILITY = YES;
				GCC_C_LANGUAGE_STANDARD = gnu99;
				GCC_DYNAMIC_NO_PIC = NO;
				GCC_NO_COMMON_BLOCKS = YES;
				GCC_OPTIMIZATION_LEVEL = 0;
				GCC_PREPROCESSOR_DEFINITIONS = (
					"DEBUG=1",
					"$(inherited)",
				);
				GCC_WARN_64_TO_32_BIT_CONVERSION = YES;
				GCC_WARN_ABOUT_RETURN_TYPE = YES_ERROR;
				GCC_WARN_UNDECLARED_SELECTOR = YES;
				GCC_WARN_UNINITIALIZED_AUTOS = YES_AGGRESSIVE;
				GCC_WARN_UNUSED_FUNCTION = YES;
				GCC_WARN_UNUSED_VARIABLE = YES;
				IPHONEOS_DEPLOYMENT_TARGET = 8.0;
				MTL_ENABLE_DEBUG_INFO = YES;
				ONLY_ACTIVE_ARCH = YES;
				SDKROOT = iphoneos;
				SWIFT_OPTIMIZATION_LEVEL = "-Onone";
				TARGETED_DEVICE_FAMILY = "1,2";
				VERSIONING_SYSTEM = "apple-generic";
				VERSION_INFO_PREFIX = "";
			};
			name = Debug;
		};
		4A50444B1BE28E1800A6F2E2 /* Release */ = {
			isa = XCBuildConfiguration;
			buildSettings = {
				ALWAYS_SEARCH_USER_PATHS = NO;
				CLANG_CXX_LANGUAGE_STANDARD = "gnu++0x";
				CLANG_CXX_LIBRARY = "libc++";
				CLANG_ENABLE_MODULES = YES;
				CLANG_ENABLE_OBJC_ARC = YES;
				CLANG_WARN_BOOL_CONVERSION = YES;
				CLANG_WARN_CONSTANT_CONVERSION = YES;
				CLANG_WARN_DIRECT_OBJC_ISA_USAGE = YES_ERROR;
				CLANG_WARN_EMPTY_BODY = YES;
				CLANG_WARN_ENUM_CONVERSION = YES;
				CLANG_WARN_INT_CONVERSION = YES;
				CLANG_WARN_OBJC_ROOT_CLASS = YES_ERROR;
				CLANG_WARN_UNREACHABLE_CODE = YES;
				CLANG_WARN__DUPLICATE_METHOD_MATCH = YES;
				"CODE_SIGN_IDENTITY[sdk=iphoneos*]" = "iPhone Developer";
				COPY_PHASE_STRIP = NO;
				CURRENT_PROJECT_VERSION = 1;
				DEBUG_INFORMATION_FORMAT = "dwarf-with-dsym";
				ENABLE_NS_ASSERTIONS = NO;
				ENABLE_STRICT_OBJC_MSGSEND = YES;
				GCC_C_LANGUAGE_STANDARD = gnu99;
				GCC_NO_COMMON_BLOCKS = YES;
				GCC_WARN_64_TO_32_BIT_CONVERSION = YES;
				GCC_WARN_ABOUT_RETURN_TYPE = YES_ERROR;
				GCC_WARN_UNDECLARED_SELECTOR = YES;
				GCC_WARN_UNINITIALIZED_AUTOS = YES_AGGRESSIVE;
				GCC_WARN_UNUSED_FUNCTION = YES;
				GCC_WARN_UNUSED_VARIABLE = YES;
				IPHONEOS_DEPLOYMENT_TARGET = 8.0;
				MTL_ENABLE_DEBUG_INFO = NO;
				SDKROOT = iphoneos;
				TARGETED_DEVICE_FAMILY = "1,2";
				VALIDATE_PRODUCT = YES;
				VERSIONING_SYSTEM = "apple-generic";
				VERSION_INFO_PREFIX = "";
			};
			name = Release;
		};
		4A50444D1BE28E1800A6F2E2 /* Debug */ = {
			isa = XCBuildConfiguration;
			baseConfigurationReference = 4A8D83C21BE3D4BB00ADC12D /* Sqlite.xcconfig */;
			buildSettings = {
				CLANG_ENABLE_MODULES = YES;
				DEFINES_MODULE = YES;
				DYLIB_COMPATIBILITY_VERSION = 1;
				DYLIB_CURRENT_VERSION = 1;
				DYLIB_INSTALL_NAME_BASE = "@rpath";
				INFOPLIST_FILE = "$(PRODUCT_NAME)/Supporting Files/Info.plist";
				INSTALL_PATH = "$(LOCAL_LIBRARY_DIR)/Frameworks";
				LD_RUNPATH_SEARCH_PATHS = "$(inherited) @executable_path/Frameworks @loader_path/Frameworks";
				LIBRARY_SEARCH_PATHS = "";
				PRODUCT_BUNDLE_IDENTIFIER = br.com.bfs.BaseFramework;
				PRODUCT_NAME = "$(TARGET_NAME)";
				SKIP_INSTALL = YES;
				SWIFT_INCLUDE_PATHS = "";
				SWIFT_OBJC_BRIDGING_HEADER = "";
				SWIFT_OPTIMIZATION_LEVEL = "-Onone";
			};
			name = Debug;
		};
		4A50444E1BE28E1800A6F2E2 /* Release */ = {
			isa = XCBuildConfiguration;
			baseConfigurationReference = 4A8D83C21BE3D4BB00ADC12D /* Sqlite.xcconfig */;
			buildSettings = {
				CLANG_ENABLE_MODULES = YES;
				DEFINES_MODULE = YES;
				DYLIB_COMPATIBILITY_VERSION = 1;
				DYLIB_CURRENT_VERSION = 1;
				DYLIB_INSTALL_NAME_BASE = "@rpath";
				INFOPLIST_FILE = "$(PRODUCT_NAME)/Supporting Files/Info.plist";
				INSTALL_PATH = "$(LOCAL_LIBRARY_DIR)/Frameworks";
				LD_RUNPATH_SEARCH_PATHS = "$(inherited) @executable_path/Frameworks @loader_path/Frameworks";
				LIBRARY_SEARCH_PATHS = "";
				PRODUCT_BUNDLE_IDENTIFIER = br.com.bfs.BaseFramework;
				PRODUCT_NAME = "$(TARGET_NAME)";
				SKIP_INSTALL = YES;
				SWIFT_INCLUDE_PATHS = "";
				SWIFT_OBJC_BRIDGING_HEADER = "";
			};
			name = Release;
		};
		4A5044501BE28E1800A6F2E2 /* Debug */ = {
			isa = XCBuildConfiguration;
			baseConfigurationReference = 4A8D83C61BE3D5BF00ADC12D /* Test.xcconfig */;
			buildSettings = {
				INFOPLIST_FILE = BaseFrameworkTests/Info.plist;
				LD_RUNPATH_SEARCH_PATHS = "$(inherited) @executable_path/Frameworks @loader_path/Frameworks";
				PRODUCT_BUNDLE_IDENTIFIER = br.com.bfs.BaseFrameworkTests;
				PRODUCT_NAME = "$(TARGET_NAME)";
			};
			name = Debug;
		};
		4A5044511BE28E1800A6F2E2 /* Release */ = {
			isa = XCBuildConfiguration;
			baseConfigurationReference = 4A8D83C61BE3D5BF00ADC12D /* Test.xcconfig */;
			buildSettings = {
				INFOPLIST_FILE = BaseFrameworkTests/Info.plist;
				LD_RUNPATH_SEARCH_PATHS = "$(inherited) @executable_path/Frameworks @loader_path/Frameworks";
				PRODUCT_BUNDLE_IDENTIFIER = br.com.bfs.BaseFrameworkTests;
				PRODUCT_NAME = "$(TARGET_NAME)";
			};
			name = Release;
		};
/* End XCBuildConfiguration section */

/* Begin XCConfigurationList section */
		4A5044321BE28E1800A6F2E2 /* Build configuration list for PBXProject "BaseFramework" */ = {
			isa = XCConfigurationList;
			buildConfigurations = (
				4A50444A1BE28E1800A6F2E2 /* Debug */,
				4A50444B1BE28E1800A6F2E2 /* Release */,
			);
			defaultConfigurationIsVisible = 0;
			defaultConfigurationName = Release;
		};
		4A50444C1BE28E1800A6F2E2 /* Build configuration list for PBXNativeTarget "BaseFramework" */ = {
			isa = XCConfigurationList;
			buildConfigurations = (
				4A50444D1BE28E1800A6F2E2 /* Debug */,
				4A50444E1BE28E1800A6F2E2 /* Release */,
			);
			defaultConfigurationIsVisible = 0;
			defaultConfigurationName = Release;
		};
		4A50444F1BE28E1800A6F2E2 /* Build configuration list for PBXNativeTarget "BaseFrameworkTests" */ = {
			isa = XCConfigurationList;
			buildConfigurations = (
				4A5044501BE28E1800A6F2E2 /* Debug */,
				4A5044511BE28E1800A6F2E2 /* Release */,
			);
			defaultConfigurationIsVisible = 0;
			defaultConfigurationName = Release;
		};
/* End XCConfigurationList section */
	};
	rootObject = 4A50442F1BE28E1800A6F2E2 /* Project object */;
}
